{
  "name": "3-storage-with-ttl",
  "version": "1.0.0",
  "lockfileVersion": 2,
  "requires": true,
  "packages": {
    "": {
      "name": "3-storage-with-ttl",
      "version": "1.0.0",
      "license": "ISC",
      "dependencies": {
        "redis": "^4.5.1"
      }
    },
    "node_modules/@redis/bloom": {
      "version": "1.1.0",
      "license": "MIT",
      "peerDependencies": {
        "@redis/client": "^1.0.0"
      }
    },
    "node_modules/@redis/client": {
      "version": "1.4.2",
      "license": "MIT",
      "dependencies": {
        "cluster-key-slot": "1.1.1",
        "generic-pool": "3.9.0",
        "yallist": "4.0.0"
      },
      "engines": {
        "node": ">=14"
      }
    },
    "node_modules/@redis/graph": {
      "version": "1.1.0",
      "license": "MIT",
      "peerDependencies": {
        "@redis/client": "^1.0.0"
      }
    },
    "node_modules/@redis/json": {
      "version": "1.0.4",
      "license": "MIT",
      "peerDependencies": {
        "@redis/client": "^1.0.0"
      }
    },
    "node_modules/@redis/search": {
      "version": "1.1.0",
      "license": "MIT",
      "peerDependencies": {
        "@redis/client": "^1.0.0"
      }
    },
    "node_modules/@redis/time-series": {
      "version": "1.0.4",
      "license": "MIT",
      "peerDependencies": {
        "@redis/client": "^1.0.0"
      }
    },
    "node_modules/cluster-key-slot": {
      "version": "1.1.1",
      "license": "Apache-2.0",
      "engines": {
        "node": ">=0.10.0"
      }
    },
    "node_modules/generic-pool": {
      "version": "3.9.0",
      "license": "MIT",
      "engines": {
        "node": ">= 4"
      }
    },
    "node_modules/redis": {
      "version": "4.5.1",
      "license": "MIT",
      "workspaces": [
        "./packages/*"
      ],
      "dependencies": {
        "@redis/bloom": "1.1.0",
        "@redis/client": "1.4.2",
        "@redis/graph": "1.1.0",
        "@redis/json": "1.0.4",
        "@redis/search": "1.1.0",
        "@redis/time-series": "1.0.4"
      }
    },
    "node_modules/yallist": {
      "version": "4.0.0",
      "license": "ISC"
    }
  },
  "dependencies": {
    "@redis/bloom": {
      "version": "1.1.0",
      "requires": {}
    },
    "@redis/client": {
      "version": "1.4.2",
      "requires": {
        "cluster-key-slot": "1.1.1",
        "generic-pool": "3.9.0",
        "yallist": "4.0.0"
      }
    },
    "@redis/graph": {
      "version": "1.1.0",
      "requires": {}
    },
    "@redis/json": {
      "version": "1.0.4",
      "requires": {}
    },
    "@redis/search": {
      "version": "1.1.0",
      "requires": {}
    },
    "@redis/time-series": {
      "version": "1.0.4",
      "requires": {}
    },
    "cluster-key-slot": {
      "version": "1.1.1"
    },
    "generic-pool": {
      "version": "3.9.0"
    },
    "redis": {
      "version": "4.5.1",
      "requires": {
        "@redis/bloom": "1.1.0",
        "@redis/client": "1.4.2",
        "@redis/graph": "1.1.0",
        "@redis/json": "1.0.4",
        "@redis/search": "1.1.0",
        "@redis/time-series": "1.0.4"
      }
    },
    "yallist": {
      "version": "4.0.0"
    }
  }
}
